
Microsoft Visual Studio Solution File, Format Version 12.00
# Visual Studio 15
VisualStudioVersion = 15.0.27703.2026
MinimumVisualStudioVersion = 10.0.40219.1
Project("{2150E333-8FDC-42A3-9474-1A3956D46DE8}") = "Data", "Data", "{A461F7B4-3181-4804-99BF-2117F9FF7EB1}"
EndProject
Project("{00D1A9C2-B5F0-4AF3-8072-F6C62B433612}") = "ao.i-mail.service.db", "Data\ao.i-mail.service.db\ao.i-mail.service.db.sqlproj", "{D15B73BD-D805-4324-8D17-BF303EF6FAF8}"
EndProject
Project("{2150E333-8FDC-42A3-9474-1A3956D46DE8}") = "Deploy", "Deploy", "{05BB6160-0DDA-47BE-B52D-EE44086D18DA}"
EndProject
Project("{2150E333-8FDC-42A3-9474-1A3956D46DE8}") = "Tests", "Tests", "{80C20527-9BC5-45D2-9BEB-8EA8BA43C55B}"
EndProject
Project("{FAE04EC0-301F-11D3-BF4B-00C04F79EFBC}") = "ao.i_mail.service.tests", "ao.i_mail.service.tests\ao.i_mail.service.tests.csproj", "{3541B4B5-1F45-416D-B0DB-BD28E39128FE}"
	ProjectSection(ProjectDependencies) = postProject
		{8D36F2F6-FE4A-484C-B7E2-AD63BD11874C} = {8D36F2F6-FE4A-484C-B7E2-AD63BD11874C}
	EndProjectSection
EndProject
Project("{FAE04EC0-301F-11D3-BF4B-00C04F79EFBC}") = "ao.i-mail.service", "ao.i-mail.service\ao.i-mail.service.csproj", "{8D36F2F6-FE4A-484C-B7E2-AD63BD11874C}"
EndProject
Global
	GlobalSection(SolutionConfigurationPlatforms) = preSolution
		Debug|Any CPU = Debug|Any CPU
		Release|Any CPU = Release|Any CPU
	EndGlobalSection
	GlobalSection(ProjectConfigurationPlatforms) = postSolution
		{D15B73BD-D805-4324-8D17-BF303EF6FAF8}.Debug|Any CPU.ActiveCfg = Debug|Any CPU
		{D15B73BD-D805-4324-8D17-BF303EF6FAF8}.Debug|Any CPU.Build.0 = Debug|Any CPU
		{D15B73BD-D805-4324-8D17-BF303EF6FAF8}.Debug|Any CPU.Deploy.0 = Debug|Any CPU
		{D15B73BD-D805-4324-8D17-BF303EF6FAF8}.Release|Any CPU.ActiveCfg = Release|Any CPU
		{D15B73BD-D805-4324-8D17-BF303EF6FAF8}.Release|Any CPU.Build.0 = Release|Any CPU
		{D15B73BD-D805-4324-8D17-BF303EF6FAF8}.Release|Any CPU.Deploy.0 = Release|Any CPU
		{3541B4B5-1F45-416D-B0DB-BD28E39128FE}.Debug|Any CPU.ActiveCfg = Debug|Any CPU
		{3541B4B5-1F45-416D-B0DB-BD28E39128FE}.Debug|Any CPU.Build.0 = Debug|Any CPU
		{3541B4B5-1F45-416D-B0DB-BD28E39128FE}.Release|Any CPU.ActiveCfg = Release|Any CPU
		{3541B4B5-1F45-416D-B0DB-BD28E39128FE}.Release|Any CPU.Build.0 = Release|Any CPU
		{8D36F2F6-FE4A-484C-B7E2-AD63BD11874C}.Debug|Any CPU.ActiveCfg = Debug|Any CPU
		{8D36F2F6-FE4A-484C-B7E2-AD63BD11874C}.Debug|Any CPU.Build.0 = Debug|Any CPU
		{8D36F2F6-FE4A-484C-B7E2-AD63BD11874C}.Release|Any CPU.ActiveCfg = Release|Any CPU
		{8D36F2F6-FE4A-484C-B7E2-AD63BD11874C}.Release|Any CPU.Build.0 = Release|Any CPU
	EndGlobalSection
	GlobalSection(SolutionProperties) = preSolution
		HideSolutionNode = FALSE
	EndGlobalSection
	GlobalSection(NestedProjects) = preSolution
		{D15B73BD-D805-4324-8D17-BF303EF6FAF8} = {A461F7B4-3181-4804-99BF-2117F9FF7EB1}
		{3541B4B5-1F45-416D-B0DB-BD28E39128FE} = {80C20527-9BC5-45D2-9BEB-8EA8BA43C55B}
		{8D36F2F6-FE4A-484C-B7E2-AD63BD11874C} = {80C20527-9BC5-45D2-9BEB-8EA8BA43C55B}
	EndGlobalSection
	GlobalSection(ExtensibilityGlobals) = postSolution
		SolutionGuid = {C0E3A703-B9C0-4398-A642-6420172AC00F}
	EndGlobalSection
EndGlobal
